{
  "name": "sfn-whatstpl-engine",
  "version": "0.1.1",
  "lockfileVersion": 1,
  "requires": true,
  "dependencies": {
    "whatstpl": {
      "version": "0.1.7",
      "resolved": "https://registry.npmjs.org/whatstpl/-/whatstpl-0.1.7.tgz",
      "integrity": "sha512-8N4prDqZiIjNGfwI496IFsY1H9NPUbPHV4MrTEPdfKAAwsmDTJJopntU/m2URn/Jae+KZ/6mKEqybCqZeBiGZQ=="
    }
  }
}
